// !$*UTF8*$!
{
	archiveVersion = 1;
	classes = {
	};
	objectVersion = 46;
	objects = {

/* Begin PBXBuildFile section */
		2BE6886E1F2045D1001FE46D /* AppDelegate.swift in Sources */ = {isa = PBXBuildFile; fileRef = 2BE6886D1F2045D1001FE46D /* AppDelegate.swift */; };
		2BE688701F2045D1001FE46D /* ViewController.swift in Sources */ = {isa = PBXBuildFile; fileRef = 2BE6886F1F2045D1001FE46D /* ViewController.swift */; };
		2BE688731F2045D1001FE46D /* Main.storyboard in Resources */ = {isa = PBXBuildFile; fileRef = 2BE688711F2045D1001FE46D /* Main.storyboard */; };
		2BE688751F2045D1001FE46D /* Assets.xcassets in Resources */ = {isa = PBXBuildFile; fileRef = 2BE688741F2045D1001FE46D /* Assets.xcassets */; };
		2BE688781F2045D1001FE46D /* LaunchScreen.storyboard in Resources */ = {isa = PBXBuildFile; fileRef = 2BE688761F2045D1001FE46D /* LaunchScreen.storyboard */; };
		2BE688861F204606001FE46D /* TYCyclePagerTransformLayout.m in Sources */ = {isa = PBXBuildFile; fileRef = 2BE688811F204606001FE46D /* TYCyclePagerTransformLayout.m */; };
		2BE688871F204606001FE46D /* TYCyclePagerView.m in Sources */ = {isa = PBXBuildFile; fileRef = 2BE688831F204606001FE46D /* TYCyclePagerView.m */; };
		2BE688881F204606001FE46D /* TYPageControl.m in Sources */ = {isa = PBXBuildFile; fileRef = 2BE688851F204606001FE46D /* TYPageControl.m */; };
		2BE688911F204A64001FE46D /* TYCyclePagerViewCell.swift in Sources */ = {isa = PBXBuildFile; fileRef = 2BE688901F204A64001FE46D /* TYCyclePagerViewCell.swift */; };
/* End PBXBuildFile section */

/* Begin PBXFileReference section */
		2BE6886A1F2045D1001FE46D /* TYCyclePagerViewDemo_swift.app */ = {isa = PBXFileReference; explicitFileType = wrapper.application; includeInIndex = 0; path = TYCyclePagerViewDemo_swift.app; sourceTree = BUILT_PRODUCTS_DIR; };
		2BE6886D1F2045D1001FE46D /* AppDelegate.swift */ = {isa = PBXFileReference; lastKnownFileType = sourcecode.swift; path = AppDelegate.swift; sourceTree = "<group>"; };
		2BE6886F1F2045D1001FE46D /* ViewController.swift */ = {isa = PBXFileReference; lastKnownFileType = sourcecode.swift; path = ViewController.swift; sourceTree = "<group>"; };
		2BE688721F2045D1001FE46D /* Base */ = {isa = PBXFileReference; lastKnownFileType = file.storyboard; name = Base; path = Base.lproj/Main.storyboard; sourceTree = "<group>"; };
		2BE688741F2045D1001FE46D /* Assets.xcassets */ = {isa = PBXFileReference; lastKnownFileType = folder.assetcatalog; path = Assets.xcassets; sourceTree = "<group>"; };
		2BE688771F2045D1001FE46D /* Base */ = {isa = PBXFileReference; lastKnownFileType = file.storyboard; name = Base; path = Base.lproj/LaunchScreen.storyboard; sourceTree = "<group>"; };
		2BE688791F2045D1001FE46D /* Info.plist */ = {isa = PBXFileReference; lastKnownFileType = text.plist.xml; path = Info.plist; sourceTree = "<group>"; };
		2BE688801F204606001FE46D /* TYCyclePagerTransformLayout.h */ = {isa = PBXFileReference; fileEncoding = 4; lastKnownFileType = sourcecode.c.h; path = TYCyclePagerTransformLayout.h; sourceTree = "<group>"; };
		2BE688811F204606001FE46D /* TYCyclePagerTransformLayout.m */ = {isa = PBXFileReference; fileEncoding = 4; lastKnownFileType = sourcecode.c.objc; path = TYCyclePagerTransformLayout.m; sourceTree = "<group>"; };
		2BE688821F204606001FE46D /* TYCyclePagerView.h */ = {isa = PBXFileReference; fileEncoding = 4; lastKnownFileType = sourcecode.c.h; path = TYCyclePagerView.h; sourceTree = "<group>"; };
		2BE688831F204606001FE46D /* TYCyclePagerView.m */ = {isa = PBXFileReference; fileEncoding = 4; lastKnownFileType = sourcecode.c.objc; path = TYCyclePagerView.m; sourceTree = "<group>"; };
		2BE688841F204606001FE46D /* TYPageControl.h */ = {isa = PBXFileReference; fileEncoding = 4; lastKnownFileType = sourcecode.c.h; path = TYPageControl.h; sourceTree = "<group>"; };
		2BE688851F204606001FE46D /* TYPageControl.m */ = {isa = PBXFileReference; fileEncoding = 4; lastKnownFileType = sourcecode.c.objc; path = TYPageControl.m; sourceTree = "<group>"; };
		2BE6888F1F204681001FE46D /* TYCyclePagerViewDemo_swift-Brdging-Header.h */ = {isa = PBXFileReference; lastKnownFileType = sourcecode.c.h; path = "TYCyclePagerViewDemo_swift-Brdging-Header.h"; sourceTree = "<group>"; };
		2BE688901F204A64001FE46D /* TYCyclePagerViewCell.swift */ = {isa = PBXFileReference; fileEncoding = 4; lastKnownFileType = sourcecode.swift; path = TYCyclePagerViewCell.swift; sourceTree = "<group>"; };
/* End PBXFileReference section */

/* Begin PBXFrameworksBuildPhase section */
		2BE688671F2045D1001FE46D /* Frameworks */ = {
			isa = PBXFrameworksBuildPhase;
			buildActionMask = 2147483647;
			files = (
			);
			runOnlyForDeploymentPostprocessing = 0;
		};
/* End PBXFrameworksBuildPhase section */

/* Begin PBXGroup section */
		2BE688611F2045D1001FE46D = {
			isa = PBXGroup;
			children = (
				2BE6886C1F2045D1001FE46D /* TYCyclePagerViewDemo_swift */,
				2BE6886B1F2045D1001FE46D /* Products */,
			);
			sourceTree = "<group>";
		};
		2BE6886B1F2045D1001FE46D /* Products */ = {
			isa = PBXGroup;
			children = (
				2BE6886A1F2045D1001FE46D /* TYCyclePagerViewDemo_swift.app */,
			);
			name = Products;
			sourceTree = "<group>";
		};
		2BE6886C1F2045D1001FE46D /* TYCyclePagerViewDemo_swift */ = {
			isa = PBXGroup;
			children = (
				2BE6887F1F204606001FE46D /* TYCyclePagerView */,
				2BE6886D1F2045D1001FE46D /* AppDelegate.swift */,
				2BE6886F1F2045D1001FE46D /* ViewController.swift */,
				2BE688901F204A64001FE46D /* TYCyclePagerViewCell.swift */,
				2BE6888F1F204681001FE46D /* TYCyclePagerViewDemo_swift-Brdging-Header.h */,
				2BE688711F2045D1001FE46D /* Main.storyboard */,
				2BE688741F2045D1001FE46D /* Assets.xcassets */,
				2BE688761F2045D1001FE46D /* LaunchScreen.storyboard */,
				2BE688791F2045D1001FE46D /* Info.plist */,
			);
			path = TYCyclePagerViewDemo_swift;
			sourceTree = "<group>";
		};
		2BE6887F1F204606001FE46D /* TYCyclePagerView */ = {
			isa = PBXGroup;
			children = (
				2BE688801F204606001FE46D /* TYCyclePagerTransformLayout.h */,
				2BE688811F204606001FE46D /* TYCyclePagerTransformLayout.m */,
				2BE688821F204606001FE46D /* TYCyclePagerView.h */,
				2BE688831F204606001FE46D /* TYCyclePagerView.m */,
				2BE688841F204606001FE46D /* TYPageControl.h */,
				2BE688851F204606001FE46D /* TYPageControl.m */,
			);
			name = TYCyclePagerView;
			path = TYCyclePagerViewDemo/TYCyclePagerView;
			sourceTree = SOURCE_ROOT;
		};
/* End PBXGroup section */

/* Begin PBXNativeTarget section */
		2BE688691F2045D1001FE46D /* TYCyclePagerViewDemo_swift */ = {
			isa = PBXNativeTarget;
			buildConfigurationList = 2BE6887C1F2045D1001FE46D /* Build configuration list for PBXNativeTarget "TYCyclePagerViewDemo_swift" */;
			buildPhases = (
				2BE688661F2045D1001FE46D /* Sources */,
				2BE688671F2045D1001FE46D /* Frameworks */,
				2BE688681F2045D1001FE46D /* Resources */,
			);
			buildRules = (
			);
			dependencies = (
			);
			name = TYCyclePagerViewDemo_swift;
			productName = TYCyclePagerViewDemo_swift;
			productReference = 2BE6886A1F2045D1001FE46D /* TYCyclePagerViewDemo_swift.app */;
			productType = "com.apple.product-type.application";
		};
/* End PBXNativeTarget section */

/* Begin PBXProject section */
		2BE688621F2045D1001FE46D /* Project object */ = {
			isa = PBXProject;
			attributes = {
				LastSwiftUpdateCheck = 0830;
				LastUpgradeCheck = 0830;
				ORGANIZATIONNAME = tany;
				TargetAttributes = {
					2BE688691F2045D1001FE46D = {
						CreatedOnToolsVersion = 8.3.3;
						DevelopmentTeam = ZW52Q3KXX4;
						ProvisioningStyle = Automatic;
					};
				};
			};
			buildConfigurationList = 2BE688651F2045D1001FE46D /* Build configuration list for PBXProject "TYCyclePagerViewDemo_swift" */;
			compatibilityVersion = "Xcode 3.2";
			developmentRegion = English;
			hasScannedForEncodings = 0;
			knownRegions = (
				en,
				Base,
			);
			mainGroup = 2BE688611F2045D1001FE46D;
			productRefGroup = 2BE6886B1F2045D1001FE46D /* Products */;
			projectDirPath = "";
			projectRoot = "";
			targets = (
				2BE688691F2045D1001FE46D /* TYCyclePagerViewDemo_swift */,
			);
		};
/* End PBXProject section */

/* Begin PBXResourcesBuildPhase section */
		2BE688681F2045D1001FE46D /* Resources */ = {
			isa = PBXResourcesBuildPhase;
			buildActionMask = 2147483647;
			files = (
				2BE688781F2045D1001FE46D /* LaunchScreen.storyboard in Resources */,
				2BE688751F2045D1001FE46D /* Assets.xcassets in Resources */,
				2BE688731F2045D1001FE46D /* Main.storyboard in Resources */,
			);
			runOnlyForDeploymentPostprocessing = 0;
		};
/* End PBXResourcesBuildPhase section */

/* Begin PBXSourcesBuildPhase section */
		2BE688661F2045D1001FE46D /* Sources */ = {
			isa = PBXSourcesBuildPhase;
			buildActionMask = 2147483647;
			files = (
				2BE688911F204A64001FE46D /* TYCyclePagerViewCell.swift in Sources */,
				2BE688881F204606001FE46D /* TYPageControl.m in Sources */,
				2BE688871F204606001FE46D /* TYCyclePagerView.m in Sources */,
				2BE688701F2045D1001FE46D /* ViewController.swift in Sources */,
				2BE688861F204606001FE46D /* TYCyclePagerTransformLayout.m in Sources */,
				2BE6886E1F2045D1001FE46D /* AppDelegate.swift in Sources */,
			);
			runOnlyForDeploymentPostprocessing = 0;
		};
/* End PBXSourcesBuildPhase section */

/* Begin PBXVariantGroup section */
		2BE688711F2045D1001FE46D /* Main.storyboard */ = {
			isa = PBXVariantGroup;
			children = (
				2BE688721F2045D1001FE46D /* Base */,
			);
			name = Main.storyboard;
			sourceTree = "<group>";
		};
		2BE688761F2045D1001FE46D /* LaunchScreen.storyboard */ = {
			isa = PBXVariantGroup;
			children = (
				2BE688771F2045D1001FE46D /* Base */,
			);
			name = LaunchScreen.storyboard;
			sourceTree = "<group>";
		};
/* End PBXVariantGroup section */

/* Begin XCBuildConfiguration section */
		2BE6887A1F2045D1001FE46D /* Debug */ = {
			isa = XCBuildConfiguration;
			buildSettings = {
				ALWAYS_SEARCH_USER_PATHS = NO;
				CLANG_ANALYZER_NONNULL = YES;
				CLANG_ANALYZER_NUMBER_OBJECT_CONVERSION = YES_AGGRESSIVE;
				CLANG_CXX_LANGUAGE_STANDARD = "gnu++0x";
				CLANG_CXX_LIBRARY = "libc++";
				CLANG_ENABLE_MODULES = YES;
				CLANG_ENABLE_OBJC_ARC = YES;
				CLANG_WARN_BOOL_CONVERSION = YES;
				CLANG_WARN_CONSTANT_CONVERSION = YES;
				CLANG_WARN_DIRECT_OBJC_ISA_USAGE = YES_ERROR;
				CLANG_WARN_DOCUMENTATION_COMMENTS = YES;
				CLANG_WARN_EMPTY_BODY = YES;
				CLANG_WARN_ENUM_CONVERSION = YES;
				CLANG_WARN_INFINITE_RECURSION = YES;
				CLANG_WARN_INT_CONVERSION = YES;
				CLANG_WARN_OBJC_ROOT_CLASS = YES_ERROR;
				CLANG_WARN_SUSPICIOUS_MOVE = YES;
				CLANG_WARN_UNREACHABLE_CODE = YES;
				CLANG_WARN__DUPLICATE_METHOD_MATCH = YES;
				"CODE_SIGN_IDENTITY[sdk=iphoneos*]" = "iPhone Developer";
				COPY_PHASE_STRIP = NO;
				DEBUG_INFORMATION_FORMAT = dwarf;
				ENABLE_STRICT_OBJC_MSGSEND = YES;
				ENABLE_TESTABILITY = YES;
				GCC_C_LANGUAGE_STANDARD = gnu99;
				GCC_DYNAMIC_NO_PIC = NO;
				GCC_NO_COMMON_BLOCKS = YES;
				GCC_OPTIMIZATION_LEVEL = 0;
				GCC_PREPROCESSOR_DEFINITIONS = (
					"DEBUG=1",
					"$(inherited)",
				);
				GCC_WARN_64_TO_32_BIT_CONVERSION = YES;
				GCC_WARN_ABOUT_RETURN_TYPE = YES_ERROR;
				GCC_WARN_UNDECLARED_SELECTOR = YES;
				GCC_WARN_UNINITIALIZED_AUTOS = YES_AGGRESSIVE;
				GCC_WARN_UNUSED_FUNCTION = YES;
				GCC_WARN_UNUSED_VARIABLE = YES;
				IPHONEOS_DEPLOYMENT_TARGET = 7.0;
				MTL_ENABLE_DEBUG_INFO = YES;
				ONLY_ACTIVE_ARCH = YES;
				SDKROOT = iphoneos;
				SWIFT_ACTIVE_COMPILATION_CONDITIONS = DEBUG;
				SWIFT_OPTIMIZATION_LEVEL = "-Onone";
				TARGETED_DEVICE_FAMILY = "1,2";
			};
			name = Debug;
		};
		2BE6887B1F2045D1001FE46D /* Release */ = {
			isa = XCBuildConfiguration;
			buildSettings = {
				ALWAYS_SEARCH_USER_PATHS = NO;
				CLANG_ANALYZER_NONNULL = YES;
				CLANG_ANALYZER_NUMBER_OBJECT_CONVERSION = YES_AGGRESSIVE;
				CLANG_CXX_LANGUAGE_STANDARD = "gnu++0x";
				CLANG_CXX_LIBRARY = "libc++";
				CLANG_ENABLE_MODULES = YES;
				CLANG_ENABLE_OBJC_ARC = YES;
				CLANG_WARN_BOOL_CONVERSION = YES;
				CLANG_WARN_CONSTANT_CONVERSION = YES;
				CLANG_WARN_DIRECT_OBJC_ISA_USAGE = YES_ERROR;
				CLANG_WARN_DOCUMENTATION_COMMENTS = YES;
				CLANG_WARN_EMPTY_BODY = YES;
				CLANG_WARN_ENUM_CONVERSION = YES;
				CLANG_WARN_INFINITE_RECURSION = YES;
				CLANG_WARN_INT_CONVERSION = YES;
				CLANG_WARN_OBJC_ROOT_CLASS = YES_ERROR;
				CLANG_WARN_SUSPICIOUS_MOVE = YES;
				CLANG_WARN_UNREACHABLE_CODE = YES;
				CLANG_WARN__DUPLICATE_METHOD_MATCH = YES;
				"CODE_SIGN_IDENTITY[sdk=iphoneos*]" = "iPhone Developer";
				COPY_PHASE_STRIP = NO;
				DEBUG_INFORMATION_FORMAT = "dwarf-with-dsym";
				ENABLE_NS_ASSERTIONS = NO;
				ENABLE_STRICT_OBJC_MSGSEND = YES;
				GCC_C_LANGUAGE_STANDARD = gnu99;
				GCC_NO_COMMON_BLOCKS = YES;
				GCC_WARN_64_TO_32_BIT_CONVERSION = YES;
				GCC_WARN_ABOUT_RETURN_TYPE = YES_ERROR;
				GCC_WARN_UNDECLARED_SELECTOR = YES;
				GCC_WARN_UNINITIALIZED_AUTOS = YES_AGGRESSIVE;
				GCC_WARN_UNUSED_FUNCTION = YES;
				GCC_WARN_UNUSED_VARIABLE = YES;
				IPHONEOS_DEPLOYMENT_TARGET = 7.0;
				MTL_ENABLE_DEBUG_INFO = NO;
				SDKROOT = iphoneos;
				SWIFT_OPTIMIZATION_LEVEL = "-Owholemodule";
				TARGETED_DEVICE_FAMILY = "1,2";
				VALIDATE_PRODUCT = YES;
			};
			name = Release;
		};
		2BE6887D1F2045D1001FE46D /* Debug */ = {
			isa = XCBuildConfiguration;
			buildSettings = {
				ASSETCATALOG_COMPILER_APPICON_NAME = AppIcon;
				DEVELOPMENT_TEAM = ZW52Q3KXX4;
				INFOPLIST_FILE = TYCyclePagerViewDemo_swift/Info.plist;
				LD_RUNPATH_SEARCH_PATHS = "$(inherited) @executable_path/Frameworks";
				PRODUCT_BUNDLE_IDENTIFIER = "com.tany.TYCyclePagerViewDemo-swift";
				PRODUCT_NAME = "$(TARGET_NAME)";
				SWIFT_OBJC_BRIDGING_HEADER = "TYCyclePagerViewDemo_swift/TYCyclePagerViewDemo_swift-Brdging-Header.h";
				SWIFT_VERSION = 3.0;
			};
			name = Debug;
		};
		2BE6887E1F2045D1001FE46D /* Release */ = {
			isa = XCBuildConfiguration;
			buildSettings = {
				ASSETCATALOG_COMPILER_APPICON_NAME = AppIcon;
				DEVELOPMENT_TEAM = ZW52Q3KXX4;
				INFOPLIST_FILE = TYCyclePagerViewDemo_swift/Info.plist;
				LD_RUNPATH_SEARCH_PATHS = "$(inherited) @executable_path/Frameworks";
				PRODUCT_BUNDLE_IDENTIFIER = "com.tany.TYCyclePagerViewDemo-swift";
				PRODUCT_NAME = "$(TARGET_NAME)";
				SWIFT_OBJC_BRIDGING_HEADER = "TYCyclePagerViewDemo_swift/TYCyclePagerViewDemo_swift-Brdging-Header.h";
				SWIFT_VERSION = 3.0;
			};
			name = Release;
		};
/* End XCBuildConfiguration section */

/* Begin XCConfigurationList section */
		2BE688651F2045D1001FE46D /* Build configuration list for PBXProject "TYCyclePagerViewDemo_swift" */ = {
			isa = XCConfigurationList;
			buildConfigurations = (
				2BE6887A1F2045D1001FE46D /* Debug */,
				2BE6887B1F2045D1001FE46D /* Release */,
			);
			defaultConfigurationIsVisible = 0;
			defaultConfigurationName = Release;
		};
		2BE6887C1F2045D1001FE46D /* Build configuration list for PBXNativeTarget "TYCyclePagerViewDemo_swift" */ = {
			isa = XCConfigurationList;
			buildConfigurations = (
				2BE6887D1F2045D1001FE46D /* Debug */,
				2BE6887E1F2045D1001FE46D /* Release */,
			);
			defaultConfigurationIsVisible = 0;
			defaultConfigurationName = Release;
		};
/* End XCConfigurationList section */
	};
	rootObject = 2BE688621F2045D1001FE46D /* Project object */;
}
